
Microsoft Visual Studio Solution File, Format Version 12.00
Project("{FAE04EC0-301F-11D3-BF4B-00C04F79EFBC}") = "Vertifungsarbeit 05", "Vertifungsarbeit 05\Vertifungsarbeit 05.csproj", "{FB7C108B-5217-4AEE-904B-AC41669D26BD}"
EndProject
Global
	GlobalSection(SolutionConfigurationPlatforms) = preSolution
		Debug|Any CPU = Debug|Any CPU
		Release|Any CPU = Release|Any CPU
	EndGlobalSection
	GlobalSection(ProjectConfigurationPlatforms) = postSolution
		{FB7C108B-5217-4AEE-904B-AC41669D26BD}.Debug|Any CPU.ActiveCfg = Debug|Any CPU
		{FB7C108B-5217-4AEE-904B-AC41669D26BD}.Debug|Any CPU.Build.0 = Debug|Any CPU
		{FB7C108B-5217-4AEE-904B-AC41669D26BD}.Release|Any CPU.ActiveCfg = Release|Any CPU
		{FB7C108B-5217-4AEE-904B-AC41669D26BD}.Release|Any CPU.Build.0 = Release|Any CPU
	EndGlobalSection
EndGlobal
