
Microsoft Visual Studio Solution File, Format Version 12.00
Project("{FAE04EC0-301F-11D3-BF4B-00C04F79EFBC}") = "Vertiefungs A1", "Vertiefungs A1\Vertiefungs A1.csproj", "{88CF5535-9790-4C8B-80B5-E5A33D341364}"
EndProject
Global
	GlobalSection(SolutionConfigurationPlatforms) = preSolution
		Debug|Any CPU = Debug|Any CPU
		Release|Any CPU = Release|Any CPU
	EndGlobalSection
	GlobalSection(ProjectConfigurationPlatforms) = postSolution
		{88CF5535-9790-4C8B-80B5-E5A33D341364}.Debug|Any CPU.ActiveCfg = Debug|Any CPU
		{88CF5535-9790-4C8B-80B5-E5A33D341364}.Debug|Any CPU.Build.0 = Debug|Any CPU
		{88CF5535-9790-4C8B-80B5-E5A33D341364}.Release|Any CPU.ActiveCfg = Release|Any CPU
		{88CF5535-9790-4C8B-80B5-E5A33D341364}.Release|Any CPU.Build.0 = Release|Any CPU
	EndGlobalSection
EndGlobal
